cloud.google.com/go v0.26.0/go.mod h1:aQUYkXzVsufM+DwF1aE+0xfcU+56JwCaLick0ClmMTw=
github.com/AndreasBriese/bbloom v0.0.0-20180913140656-343706a395b7/go.mod h1:bOvUY6CB00SOBii9/FifXqc0awNKxLFCL/+pkDPuyl8=
github.com/Bowery/prompt v0.0.0-20180817134258-8a1d5376df1c/go.mod h1:4/6eNcqZ09BZ9wLK3tZOjBA1nDj+B0728nlX5YRlSmQ=
github.com/BurntSushi/toml v0.3.1 h1:WXkYYl6Yr3qBf1K79EBnL4mak0OimBfB0XUf9Vl28OQ=
github.com/BurntSushi/toml v0.3.1/go.mod h1:xHWCNGjB5oqiDr8zfno3MHue2Ht5sIBksp03qcyfWMU=
github.com/Kubuxu/go-os-helper v0.0.0-20161003143644-3d3fc2fb493d/go.mod h1:N8B+I7vPCT80IcP58r50u4+gEEcsZETFUpAzWW2ep1Y=
github.com/Microsoft/go-winio v0.4.11 h1:zoIOcVf0xPN1tnMVbTtEdI+P8OofVk3NObnwOQ6nK2Q=
github.com/Microsoft/go-winio v0.4.11/go.mod h1:VhR8bwka0BXejwEJY73c50VrPtXAaKcyvVC4A4RozmA=
github.com/aead/siphash v1.0.1/go.mod h1:Nywa3cDsYNNK3gaciGTWPwHt0wlpNV15vwmswBAUSII=
github.com/allegro/bigcache v1.1.0/go.mod h1:Cb/ax3seSYIx7SuZdm2G2xzfwmv3TPSk2ucNfQESPXM=
github.com/aristanetworks/goarista v0.0.0-20190121184617-8f049bdb8feb/go.mod h1:D/tb0zPVXnP7fmsLZjtdUhSsumbK/ij54UXjjVgMGxQ=
github.com/aws/aws-sdk-go v1.16.26/go.mod h1:KmX6BPdI08NWTb3/sm4ZGu5ShLoqVDhKgpiN924inxo=
github.com/btcsuite/btcd v0.0.0-20190115013929-ed77733ec07d/go.mod h1:d3C0AkH6BRcvO8T0UEPu53cnw4IbV63x1bEjildYhO0=
github.com/btcsuite/btcd v0.0.0-20190213025234-306aecffea32 h1:qkOC5Gd33k54tobS36cXdAzJbeHaduLtnLQQwNoIi78=
github.com/btcsuite/btcd v0.0.0-20190213025234-306aecffea32/go.mod h1:DrZx5ec/dmnfpw9KyYoQyYo7d0KEvTkk/5M/vbZjAr8=
github.com/btcsuite/btclog v0.0.0-20170628155309-84c8d2346e9f/go.mod h1:TdznJufoqS23FtqVCzL0ZqgP5MqXbb4fg/WgDys70nA=
github.com/btcsuite/btcutil v0.0.0-20180706230648-ab6388e0c60a/go.mod h1:+5NJ2+qvTyV9exUAL/rxXi3DcLg2Ts+ymUAY5y4NvMg=
github.com/btcsuite/btcutil v0.0.0-20190207003914-4c204d697803/go.mod h1:+5NJ2+qvTyV9exUAL/rxXi3DcLg2Ts+ymUAY5y4NvMg=
github.com/btcsuite/go-socks v0.0.0-20170105172521-4720035b7bfd/go.mod h1:HHNXQzUsZCxOoE+CPiyCTO6x34Zs86zZUiwtpXoGdtg=
github.com/btcsuite/goleveldb v0.0.0-20160330041536-7834afc9e8cd/go.mod h1:F+uVaaLLH7j4eDXPRvw78tMflu7Ie2bzYOH4Y8rRKBY=
github.com/btcsuite/snappy-go v0.0.0-20151229074030-0bdef8d06723/go.mod h1:8woku9dyThutzjeg+3xrA5iCpBRH8XEEg3lh6TiUghc=
github.com/btcsuite/websocket v0.0.0-20150119174127-31079b680792/go.mod h1:ghJtEyQwv5/p4Mg4C0fgbePVuGr935/5ddU9Z3TmDRY=
github.com/btcsuite/winsvc v1.0.0/go.mod h1:jsenWakMcC0zFBFurPLEAyrnc/teJEM1O46fmI40EZs=
github.com/cheekybits/is v0.0.0-20150225183255-68e9c0620927 h1:SKI1/fuSdodxmNNyVBR8d7X/HuLnRpvvFO0AgyQk764=
github.com/cheekybits/is v0.0.0-20150225183255-68e9c0620927/go.mod h1:h/aW8ynjgkuj+NQRlZcDbAbM1ORAbXjXX77sX7T289U=
github.com/client9/misspell v0.3.4/go.mod h1:qj6jICC3Q7zFZvVWo7KLAzC3yx5G7kyvSDkc90ppPyw=
github.com/coreos/go-semver v0.2.0/go.mod h1:nnelYz7RCh+5ahJtPPxZlU+153eP4D4r3EedlOD2RNk=
github.com/davecgh/go-spew v0.0.0-20171005155431-ecdeabc65495/go.mod h1:J7Y8YcW2NihsgmVo/mv3lAwl/skON4iLHjSsI+c5H38=
github.com/davecgh/go-spew v1.1.1 h1:vj9j/u1bqnvCEfJOwUhtlOARqs3+rkHYY13jYWTU97c=
github.com/davecgh/go-spew v1.1.1/go.mod h1:J7Y8YcW2NihsgmVo/mv3lAwl/skON4iLHjSsI+c5H38=
github.com/dchest/safefile v0.0.0-20151022103144-855e8d98f185/go.mod h1:cFRxtTwTOJkz2x3rQUNCYKWC93yP1VKjR8NUhqFxZNU=
github.com/deckarep/golang-set v1.7.1/go.mod h1:93vsz/8Wt4joVM7c2AVqh+YRMiUSc14yDtF28KmMOgQ=
github.com/dgraph-io/badger v1.5.4/go.mod h1:VZxzAIRPHRVNRKRo6AXrX9BJegn6il06VMTZVJYCIjQ=
github.com/dgryski/go-farm v0.0.0-20190104051053-3adb47b1fb0f/go.mod h1:SqUrOPUnsFjfmXRMNPybcSiG0BgUW2AuFH8PAnS2iTw=
github.com/docker/distribution v2.7.1+incompatible h1:a5mlkVzth6W5A4fOsS3D2EO5BUmsJpcB+cRlLU7cSug=
github.com/docker/distribution v2.7.1+incompatible/go.mod h1:J2gT2udsDAN96Uj4KfcMRqY0/ypR+oyYUYmja8H+y+w=
github.com/docker/docker v0.7.3-0.20190214224811-fcb286895b70 h1:YuIVsztcfAgDzsq3bOhKYmp0TpuRE5/gHzErhOQyKmo=
github.com/docker/docker v0.7.3-0.20190214224811-fcb286895b70/go.mod h1:eEKB0N0r5NX/I1kEveEz05bcu8tLC/8azJZsviup8Sk=
github.com/docker/docker v1.13.1 h1:5VBhsO6ckUxB0A8CE5LlUJdXzik9cbEbBTQ/ggeml7M=
github.com/docker/docker v1.13.1/go.mod h1:eEKB0N0r5NX/I1kEveEz05bcu8tLC/8azJZsviup8Sk=
github.com/docker/go-connections v0.3.0/go.mod h1:Gbd7IOopHjR8Iph03tsViu4nIes5XhDvyHbTtUxmeec=
github.com/docker/go-connections v0.4.0 h1:El9xVISelRB7BuFusrZozjnkIM5YnzCViNKohAFqRJQ=
github.com/docker/go-connections v0.4.0/go.mod h1:Gbd7IOopHjR8Iph03tsViu4nIes5XhDvyHbTtUxmeec=
github.com/docker/go-units v0.3.3 h1:Xk8S3Xj5sLGlG5g67hJmYMmUgXv5N4PhkjJHHqrwnTk=
github.com/docker/go-units v0.3.3/go.mod h1:fgPhTUdO+D/Jk86RDLlptpiXQzgHJF7gydDDbaIK4Dk=
github.com/eoscanada/eos-go v0.0.0-20181105195849-00b77394c50e/go.mod h1:RKrm2XzZEZWxSMTRqH5QOyJ1fb/qKEjs2ix1aQl0sk4=
github.com/ethereum/go-ethereum v1.8.20/go.mod h1:PwpWDrCLZrV+tfrhqqF6kPknbISMHaJv9Ln3kPCZLwY=
github.com/fatih/color v1.7.0 h1:DkWD4oS2D8LGGgTQ6IvwJJXSL5Vp2ffcQg58nFV38Ys=
github.com/fatih/color v1.7.0/go.mod h1:Zm6kSWBoL9eyXnKyktHP6abPY2pDugNf5KwzbycvMj4=
github.com/fd/go-nat v1.0.0/go.mod h1:BTBu/CKvMmOMUPkKVef1pngt2WFH/lg7E6yQnulfp6E=
github.com/fsnotify/fsnotify v1.4.7/go.mod h1:jwhsz4b93w/PPRr/qN1Yymfu8t87LnFCMoQvtojpjFo=
github.com/go-stack/stack v1.8.0/go.mod h1:v0f6uXyyMGvRgIKkXu+yp6POWl0qKG85gN/melR3HDY=
github.com/gogo/protobuf v1.2.0 h1:xU6/SpYbvkNYiptHJYEDRseDLvYE7wSqhYYNy0QSUzI=
github.com/gogo/protobuf v1.2.0/go.mod h1:r8qH/GZQm5c6nD/R0oafs1akxWv10x8SbQlK7atdtwQ=
github.com/golang/glog v0.0.0-20160126235308-23def4e6c14b/go.mod h1:SBH7ygxi8pfUlaOkMMuAQtPIUF8ecWP5IEl/CR7VP2Q=
github.com/golang/lint v0.0.0-20180702182130-06c8688daad7/go.mod h1:tluoj9z5200jBnyusfRPU2LqT6J+DAorxEvtC7LHB+E=
github.com/golang/mock v1.1.1/go.mod h1:oTYuIxOrZwtPieC+H1uAHpcLFnEyAGVDL/k47Jfbm0A=
github.com/golang/mock v1.2.0/go.mod h1:oTYuIxOrZwtPieC+H1uAHpcLFnEyAGVDL/k47Jfbm0A=
github.com/golang/protobuf v1.2.0 h1:P3YflyNX/ehuJFLhxviNdFxQPkGK5cDcApsge1SqnvM=
github.com/golang/protobuf v1.2.0/go.mod h1:6lQm79b+lXiMfvg/cZm0SGofjICqVBUtrP5yJMmIC1U=
github.com/golang/snappy v0.0.0-20180518054509-2e65f85255db/go.mod h1:/XxbfmMg8lxefKM7IXC3fBNl/7bRcc72aCRzEWrmP2Q=
github.com/gomodule/redigo v2.0.0+incompatible/go.mod h1:B4C85qUVwatsJoIUNIfCRsp7qO0iAmpGFZ4EELWSbC4=
github.com/google/go-cmp v0.2.0 h1:+dTQ8DZQJz0Mb/HjFlkptS1FeQ4cWSnN941F8aEG4SQ=
github.com/google/go-cmp v0.2.0/go.mod h1:oXzfMopK8JAjlY9xF4vHSVASa0yLyX7SntLO5aqRK0M=
github.com/google/shlex v0.0.0-20181106134648-c34317bd91bf/go.mod h1:RpwtwJQFrIEPstU94h88MWPXP2ektJZ8cZ0YntAmXiE=
github.com/google/uuid v1.1.0/go.mod h1:TIyPZe4MgqvfeYDBFedMoGGpEw/LqOeaOT+nhxU+yHo=
github.com/gorilla/mux v1.7.0 h1:tOSd0UKHQd6urX6ApfOn4XdBMY6Sh1MfxV3kmaazO+U=
github.com/gorilla/mux v1.7.0/go.mod h1:1lud6UwP+6orDFRuTfBEV8e9/aOM/c4fVVCaMa2zaAs=
github.com/gxed/hashland v0.0.0-20180221191214-d9f6b97f8db2 h1:neM/RzmgBKxsJ3ioEZnIQmgQQq/sn6xDqYOEYnH3RYM=
github.com/gxed/hashland v0.0.0-20180221191214-d9f6b97f8db2/go.mod h1:YUhWml1NaWLTNBl4NPptkB8MadfaIhgq+a2TRc+Mw4Q=
github.com/gxed/pubsub v0.0.0-20180201040156-26ebdf44f824/go.mod h1:OiEWyHgK+CWrmOlVquHaIK1vhpUJydC9m0Je6mhaiNE=
github.com/hashicorp/golang-lru v0.5.0/go.mod h1:/m3WP610KZHVQ1SGc6re/UDhFvYD7pJ4Ao+sR/qLZy8=
github.com/hpcloud/tail v1.0.0/go.mod h1:ab1qPbhIpdTxEkNHXyeSf5vhxWSCs/tWer42PpOxQnU=
github.com/huin/goupnp v0.0.0-20180415215157-1395d1447324/go.mod h1:MZ2ZmwcBpvOoJ22IJsc7va19ZwoheaBk43rKg12SKag=
github.com/huin/goupnp v1.0.0/go.mod h1:n9v9KO1tAxYH82qOn+UTIFQDmx5n1Zxd/ClZDMX7Bnc=
github.com/huin/goutil v0.0.0-20170803182201-1ca381bf3150/go.mod h1:PpLOETDnJ0o3iZrZfqZzyLl6l7F3c6L1oWn7OICBi6o=
github.com/inconshreveable/mousetrap v1.0.0 h1:Z8tu5sraLXCXIcARxBp/8cbvlwVa7Z1NHg9XEKhtSvM=
github.com/inconshreveable/mousetrap v1.0.0/go.mod h1:PxqpIevigyE2G7u3NXJIT2ANytuPF1OarO4DADm73n8=
github.com/ipfs/bbloom v0.0.0-20180721065414-f6503c07a6c2/go.mod h1:oqo8CVWsJFMOZqTglBG4wydCE4IQA/G2/SEofB0rjUI=
github.com/ipfs/go-bitswap v1.1.13/go.mod h1:GhIQd4EvkkB/HquACLmfMpRE9wq3aE0tqfW1HIk+iAc=
github.com/ipfs/go-block-format v0.2.0/go.mod h1:DK/YYcsSUIVAFNwo/KZCdIIbpN0ROH/baNLgayt4pFc=
github.com/ipfs/go-blockservice v0.0.0-20190123185605-9e77ecf83a5a/go.mod h1:UcN9BEqhJxicHsyGKzRrCDTX9PE6LirDges2SoqMlsA=
github.com/ipfs/go-cid v0.9.0/go.mod h1:DEZAg7ik3SR8PY77P+hNaWtHtBirqeEgHbfmePL8WJA=
github.com/ipfs/go-datastore v0.0.0-20181109225543-277eeb2fded2/go.mod h1:bYmHO9fuKO1Ca7dpdDBWQl0mndy5b0HFqSJjGlNYtzs=
github.com/ipfs/go-ds-badger v1.7.0/go.mod h1:/dJNd1t8/0sLPYPWTf/fPhcD5PuC0uUKy12FzPtidWU=
github.com/ipfs/go-ds-flatfs v1.3.3/go.mod h1:ehUroR05syOmpLfvX78ZXjNhx47RggTsvxDjsOk3Y2k=
github.com/ipfs/go-ds-leveldb v1.2.1/go.mod h1:NBBlpnCJRedhvmfIifT04/AQQKmQeQ7WANybc1aNFxM=
github.com/ipfs/go-ds-s3 v0.0.0-20190124205354-310f1849abea/go.mod h1:tsqnnHJ0CDX3BkQ09SL70KQSoIshxHwbEFAz9F9ztok=
github.com/ipfs/go-ipfs-addr v0.1.25/go.mod h1:Gu5hZ8kxPyIDoXv8edvNpIYSkRciSp7QbLUFGNxd/sQ=
github.com/ipfs/go-ipfs-api v1.3.5 h1:NvOdNXkN1S9XiaRlpPV8SUOBKcRVlpUhoHgbDteMs60=
github.com/ipfs/go-ipfs-api v1.3.5/go.mod h1:YWGjU+7Bdls1CpvsKsV6EsQ/KMyQqSpBru2hme/5WQg=
github.com/ipfs/go-ipfs-blockstore v0.1.2/go.mod h1:QGvjcr/8LthauaWp2R2cm8Zdo0/NJbyyKqvjYq0kIzg=
github.com/ipfs/go-ipfs-cmdkit v1.1.3 h1:4sbEnLjYmh8gJOCUiqtKp0EIboSYTFrxftc7S+U3gK4=
github.com/ipfs/go-ipfs-cmdkit v1.1.3/go.mod h1:9FtbMdUabcSqv/G4/8WCxSLxkZxn/aZEFrxxqnVcRbg=
github.com/ipfs/go-ipfs-delay v0.0.0-20181109222059-70721b86a9a8/go.mod h1:8SP1YXK1M1kXuc4KJZINY3TQQ03J2rwBG9QfXmbRPrw=
github.com/ipfs/go-ipfs-ds-help v0.1.2/go.mod h1:tzcA/7jTvymDNtuKdiD+zK1Pw7ZlAhIEj4y3PozCtjg=
github.com/ipfs/go-ipfs-exchange-interface v0.0.0-20181102235302-9ba3cfba8a23/go.mod h1:lUh3yLAtXROH1rHqSHCIO1Uacgqsd9ky7mcCK8OXlng=
github.com/ipfs/go-ipfs-flags v0.0.0-20180212104604-3682c830b230/go.mod h1:RnXBb9WV53GSfTrSDVK61NLTFKvWc60n+K9EgCDh+rA=
github.com/ipfs/go-ipfs-keystore v0.0.0-20181204233654-a15b666ef5e9 h1:DAGw2DKyK0C9sgChBQisLnfenPUncLlU8AiTgyhas7w=
github.com/ipfs/go-ipfs-keystore v0.0.0-20181204233654-a15b666ef5e9/go.mod h1:2JklOyDghbVLSUsnp/DuriyTugBKypfC1mNPKA74PQc=
github.com/ipfs/go-ipfs-pq v0.0.1/go.mod h1:LWIqQpqfRG3fNc5XsnIhz/wQ2XXGyugQwls7BgUmUfY=
github.com/ipfs/go-ipfs-routing v0.0.0-20181218221503-dc4a10bb90f3/go.mod h1:QvmTJm8qRJ2lpd5bQ3I7zWJr1ap+zmj9ManYcedSXQk=
github.com/ipfs/go-ipfs-util v1.2.8/go.mod h1:bmXd4M1Sn0MFKptfxu9KuWvtHySyFMzkSd2rcT8Hw80=
github.com/ipfs/go-log v1.5.7 h1:8ef7XW41hzAnvVNkK5009/bOA9/MFr7fhdzkfAqvolI=
github.com/ipfs/go-log v1.5.7/go.mod h1:AKYS9u+ECLT8t30brTaoVwu3f1FpGx6C0352oI1zQ0Q=
github.com/ipfs/go-metrics-interface v0.2.0/go.mod h1:6s6euYU4zowdslK0GKHmqaIZ3j/b/tL7HTWtJ4VPgWY=
github.com/ipfs/go-todocounter v1.0.1/go.mod h1:l5aErvQc8qKE2r7NDMjmq5UNAvuZy0rC8BHOplkWvZ4=
github.com/ipfs/go-verifcid v0.0.0-20181102235604-8909da14ac6d/go.mod h1:x7/9sve4ZvTzY006bfDznxg7zhBx2S1QI2M2nZ4jrNE=
github.com/jackpal/gateway v1.0.4/go.mod h1:lTpwd4ACLXmpyiCTRtfiNyVnUmqT9RivzCDQetPfnjA=
github.com/jackpal/gateway v1.0.5/go.mod h1:lTpwd4ACLXmpyiCTRtfiNyVnUmqT9RivzCDQetPfnjA=
github.com/jackpal/go-nat-pmp v1.0.1/go.mod h1:QPH045xvCAeXUZOxsnwmrtiCoxIr9eob+4orBN1SBKc=
github.com/jbenet/go-base58 v0.0.0-20150317085156-6237cf65f3a6 h1:4zOlv2my+vf98jT1nQt4bT/yKWUImevYPJ2H344CloE=
github.com/jbenet/go-base58 v0.0.0-20150317085156-6237cf65f3a6/go.mod h1:r/8JmuR0qjuCiEhAolkfvdZgmPiHTnJaG0UXCSeR1Zo=
github.com/jbenet/go-context v0.0.0-20150711004518-d14ea06fba99/go.mod h1:1lJo3i6rXxKeerYnT8Nvf0QmHCRC1n8sfWVwXF2Frvo=
github.com/jbenet/go-temp-err-catcher v0.0.0-20150120210811-aac704a3f4f2/go.mod h1:8GXXJV31xl8whumTzdZsTt3RnUIiPqzkyf7mxToRCMs=
github.com/jbenet/goprocess v0.0.0-20160826012719-b497e2f366b8/go.mod h1:Ly/wlsjFq/qrU3Rar62tu1gASgGw6chQbSh/XgIIXCY=
github.com/jessevdk/go-flags v0.0.0-20141203071132-1679536dcc89/go.mod h1:4FA24M0QyGHXBuZZK/XkWh8h0e1EYbRYJSGM75WSRxI=
github.com/jmespath/go-jmespath v0.0.0-20180206201540-c2b33e8439af/go.mod h1:Nht3zPeWKUH0NzdCt2Blrr5ys8VGpn0CEB0cQHVjt7k=
github.com/jrick/logrotate v1.0.0/go.mod h1:LNinyqDIJnpAur+b8yyulnQw/wDuN1+BYKlTRt3OuAQ=
github.com/karalabe/xgo v0.0.0-20181007145344-72da7d1d3970/go.mod h1:iYGcTYIPUvEWhFo6aKUuLchs+AV4ssYdyuBbQJZGcBk=
github.com/kardianos/govendor v1.0.9/go.mod h1:yvmR6q9ZZ7nSF5Wvh40v0wfP+3TwwL8zYQp+itoZSVM=
github.com/kisielk/gotool v1.0.0/go.mod h1:XhKaO+MFFWcvkIS/tQcRk01m1F5IRFswLeQ+oQHNcck=
github.com/kkdai/bstream v0.0.0-20161212061736-f391b8402d23/go.mod h1:J+Gs4SYgM6CZQHDETBtE9HaSEkGmuNXF86RwHhHUvq4=
github.com/konsorten/go-windows-terminal-sequences v1.0.1 h1:mweAR1A6xJ3oS2pRaGiHgQ4OO8tzTaLawm8vnODuwDk=
github.com/konsorten/go-windows-terminal-sequences v1.0.1/go.mod h1:T0+1ngSBFLxvqU3pZ+m/2kptfBszLMUkC4ZK/EgS/cQ=
github.com/libp2p/go-addr-util v2.0.7+incompatible/go.mod h1:doh2auL/Rkfq1xHxDrWJGHZ8yDojPerOZoPu9XVwRB8=
github.com/libp2p/go-buffer-pool v0.1.1/go.mod h1:xtyIz9PMobb13WaxR6Zo1Pd1zXJKYg0a8KiIvDp3TzQ=
github.com/libp2p/go-conn-security v0.1.15/go.mod h1:lIqm8x2wrAxlG+6CzJ3z4Nk5/F73zdjkS6RKbHSbaJ4=
github.com/libp2p/go-conn-security-multistream v0.1.15/go.mod h1:hBY3HYjGnK86P3pX3wgr9IAfe3A/vZB830LJAMi1g88=
github.com/libp2p/go-flow-metrics v0.2.0 h1:GAJSg/g+xLuc7vz0RN96pRA9q/n5b5+Hs6SndagmOR4=
github.com/libp2p/go-flow-metrics v0.2.0/go.mod h1:Iv1GH0sG8DtYN3SVJ2eG221wMiNpZxBdp967ls1g+k8=
github.com/libp2p/go-libp2p v0.0.0-20190110080257-6547c0dc37dd/go.mod h1:CyUlFa6Mw04PkmMg8gBIlHUl8j3TrEiA6oFiF4SgD8w=
github.com/libp2p/go-libp2p-blankhost v0.0.0-20181218184614-aa9a19abd3f3/go.mod h1:v1Lnlzn2DFfVeAk2O19BnVm/OaoRlFZwSyq015ZT11I=
github.com/libp2p/go-libp2p-circuit v2.3.2+incompatible/go.mod h1:DH3RV0Tb4cHZAdSsdNOitADXTqRiFZxJmSk7mMcCFN4=
github.com/libp2p/go-libp2p-crypto v0.0.0-20181130162722-b150863d61f7/go.mod h1:WHpT3tvhh7GM2INNJhQBuI6J+5z/o3QI0lTF5UVjppk=
github.com/libp2p/go-libp2p-crypto v2.0.5+incompatible h1:XVZ7JguuAuxfZ+MAbHsaKs508zRlAc7bGu65xKpxxns=
github.com/libp2p/go-libp2p-crypto v2.0.5+incompatible/go.mod h1:WHpT3tvhh7GM2INNJhQBuI6J+5z/o3QI0lTF5UVjppk=
github.com/libp2p/go-libp2p-host v3.0.15+incompatible/go.mod h1:iAthoepYpyqzb89f4RmqzF9+ebsWPFBTvSedSlcWupg=
github.com/libp2p/go-libp2p-interface-connmgr v0.0.21/go.mod h1:2LbTwxMveREcmkOWo/s6MM7xDvSZbW8J8kYDF4Mj648=
github.com/libp2p/go-libp2p-interface-pnet v3.0.0+incompatible/go.mod h1:el9jHpQAXK5dnTpKA4yfCNBZXvrzdOU75zz+C6ryp3k=
github.com/libp2p/go-libp2p-kad-dht v4.4.12+incompatible/go.mod h1:o7SLAgKvO96vfE0SrzjJfAdCbJjKRfRnbtyUIQg+rqg=
github.com/libp2p/go-libp2p-kbucket v2.2.12+incompatible/go.mod h1:MTtm31eal94QTxVOWYTDZ6G1YOJRN2G3ESQHbaPytLk=
github.com/libp2p/go-libp2p-loggables v1.1.24/go.mod h1:jcP5HmpEBcQ2w5u9xhLkCv73GBPKz3weC/s6ZWhXn+k=
github.com/libp2p/go-libp2p-metrics v2.1.7+incompatible h1:daZgPZley96uWijqkfphS+EjNgj+wkMaNZA7Ie/O0t8=
github.com/libp2p/go-libp2p-metrics v2.1.7+incompatible/go.mod h1:ko4lRyuvbgwwxD2TJvt2RHONahjJlkn6l7L/iEbJBf0=
github.com/libp2p/go-libp2p-nat v0.8.8/go.mod h1:cA6+rN+EcOAzmSL3vQ53VxX/FfOL1WGeJUvZgqjm2eQ=
github.com/libp2p/go-libp2p-net v3.0.15+incompatible/go.mod h1:8W6Wx3AZbTRTe8zSMLoAmT3mGyau+w6kGIRk+Z+MZ7Q=
github.com/libp2p/go-libp2p-netutil v0.0.0-20190110225159-d58056f931bd/go.mod h1:lpxjq1x/eUtPYAZAtnC7dKWjQeTuYIYz2ZIPNDDBj3g=
github.com/libp2p/go-libp2p-peer v2.4.0+incompatible h1:1THIuO/h7GuITklYS7RgGCyoVl8aP9XH4NcokcdhDZc=
github.com/libp2p/go-libp2p-peer v2.4.0+incompatible/go.mod h1:fS2eFKRO1IomwBAf+SuE8P1XOT/AAiqSgVPNIFA7Jc0=
github.com/libp2p/go-libp2p-peerstore v2.0.6+incompatible/go.mod h1:lLfgn0N3z2t+ER57a88K7NTZjMO27ez5TyWSURd428E=
github.com/libp2p/go-libp2p-protocol v1.0.0 h1:6AnF76m2VjjiaDisOahQnWSnX2WWaISOXC7q9/YJIrM=
github.com/libp2p/go-libp2p-protocol v1.0.0/go.mod h1:Af9n4PiruirSDjHycM1QuiMi/1VZNHYcK8cLgFJLZ4s=
github.com/libp2p/go-libp2p-pubsub v0.0.0-20190121225156-d4589956d289/go.mod h1:E2KoEMwM5nWtdGV+wWueN7g/j++VL9tmCfjzk1fLpWc=
github.com/libp2p/go-libp2p-pubsub v0.11.10 h1:ITODUkq9xpYUB2I9Fm3HM2MNviiTMmeMt9htvwlvz1g=
github.com/libp2p/go-libp2p-pubsub v0.11.10/go.mod h1:E2KoEMwM5nWtdGV+wWueN7g/j++VL9tmCfjzk1fLpWc=
github.com/libp2p/go-libp2p-record v4.1.7+incompatible/go.mod h1:fsxr7H89UzzL4pG23Aq2n/5aNAXxdGEbyBVepo8oXy8=
github.com/libp2p/go-libp2p-routing v2.7.1+incompatible/go.mod h1:Alff8O712wWiftX462zvknNmi5RmXtLq/gATcxJ/Hq8=
github.com/libp2p/go-libp2p-secio v2.0.17+incompatible/go.mod h1:U7wBlYK2sZbUiTaGe6xJd/fyNq40gwn+jBk/iEUbUrA=
github.com/libp2p/go-libp2p-swarm v3.0.22+incompatible/go.mod h1:NHa7cA4/y8OKFw3BHQjLL9pwPDFXkgECO/k+2gqSFuk=
github.com/libp2p/go-libp2p-transport v3.0.15+incompatible/go.mod h1:lcwgOszllbhvQXul37Kv5YbSYXPoUhRB2Z+Nr3jaBmo=
github.com/libp2p/go-libp2p-transport-upgrader v0.1.16/go.mod h1:5r+arPlxwtCEF1aVi/fTQF/ZWGSPHLxBov1DlXDevDA=
github.com/libp2p/go-maddr-filter v1.1.10/go.mod h1:9uHkmfw086BVLQyQFAbe/peEO9Iley6dafqm3cKHIAk=
github.com/libp2p/go-msgio v0.0.6/go.mod h1:u5M7EDois/gQxdPuEfNYQks5cAu9oxUGDU3dRkGping=
github.com/libp2p/go-reuseport v0.2.0/go.mod h1:ViUXkfLbcaqzYb7Yyi7ZP/n8nAezADhH9oLvj6TA83E=
github.com/libp2p/go-reuseport-transport v0.2.0/go.mod h1:S8t1q+GgSDc6ijrQDNlCZ5Xe2xpFZCZylXoZPconqZE=
github.com/libp2p/go-sockaddr v1.0.3/go.mod h1:N/q858DTOi0BT81GpvIRIls1x7my5oLpbxYZnbRXVBM=
github.com/libp2p/go-stream-muxer v3.0.1+incompatible/go.mod h1:bAo8x7YkSpadMTbtTaxGVHWUQsR/l5MEaHbKaliuT14=
github.com/libp2p/go-tcp-transport v2.0.16+incompatible/go.mod h1:K6Zi9TkPvn5m/m0bktlJ6Fv9Vna2wvr/jiCtTRC7T8o=
github.com/libp2p/go-testutil v1.2.10/go.mod h1:8FHCRBHdt9BibhKebrOqVTJyW4cOZc52bfrGmw7ja+4=
github.com/mattn/go-colorable v0.0.9/go.mod h1:9vuHe8Xs5qXnSaW/c/ABM9alt+Vo+STaOChaDxuIBZU=
github.com/mattn/go-colorable v0.1.0 h1:v2XXALHHh6zHfYTJ+cSkwtyffnaOyR1MXaA91mTrb8o=
github.com/mattn/go-colorable v0.1.0/go.mod h1:9vuHe8Xs5qXnSaW/c/ABM9alt+Vo+STaOChaDxuIBZU=
github.com/mattn/go-isatty v0.0.4 h1:bnP0vzxcAdeI1zdubAl5PjU6zsERjGZb7raWodagDYs=
github.com/mattn/go-isatty v0.0.4/go.mod h1:M+lRXTBqGeGNdLjl/ufCoiOlB5xdOkqRJdNxMWT7Zi4=
github.com/mdempsky/gocode v0.0.0-20190203001940-7fb65232883f h1:ee+twVCignaZjt7jpbMSLxAeTN/Nfq9W/nm91E7QO1A=
github.com/mdempsky/gocode v0.0.0-20190203001940-7fb65232883f/go.mod h1:hltEC42XzfMNgg0S1v6JTywwra2Mu6F6cLR03debVQ8=
github.com/miekg/dns v1.1.3/go.mod h1:W1PPwlIAgtquWBMBEV9nkV9Cazfe8ScdGz/Lj7v3Nrg=
github.com/minio/blake2b-simd v0.0.0-20160723061019-3f5f724cb5b1 h1:lYpkrQH5ajf0OXOcUbGjvZxxijuBwbbmlSxLiuofa+g=
github.com/minio/blake2b-simd v0.0.0-20160723061019-3f5f724cb5b1/go.mod h1:pD8RvIylQ358TN4wwqatJ8rNavkEINozVn9DtGI3dfQ=
github.com/minio/sha256-simd v0.0.0-20181005183134-51976451ce19/go.mod h1:2FMWW+8GMoPweT6+pI63m9YE3Lmw4J71hV56Chs1E/U=
github.com/minio/sha256-simd v0.0.0-20190117184323-cc1980cb0338/go.mod h1:2FMWW+8GMoPweT6+pI63m9YE3Lmw4J71hV56Chs1E/U=
github.com/minio/sha256-simd v0.0.0-20190131020904-2d45a736cd16 h1:5W7KhL8HVF3XCFOweFD3BNESdnO8ewyYTFT2R+/b8FQ=
github.com/minio/sha256-simd v0.0.0-20190131020904-2d45a736cd16/go.mod h1:2FMWW+8GMoPweT6+pI63m9YE3Lmw4J71hV56Chs1E/U=
github.com/mitchellh/go-homedir v1.1.0 h1:lukF9ziXFxDFPkA1vsr5zpc1XuPDn/wFntq5mG+4E0Y=
github.com/mitchellh/go-homedir v1.1.0/go.mod h1:SfyaCUpYCn1Vlf4IUYiD9fPX4A5wJrkLzIz1N1q0pr0=
github.com/morikuni/aec v0.0.0-20170113033406-39771216ff4c h1:nXxl5PrvVm2L/wCy8dQu6DMTwH4oIuGN8GJDAlqDdVE=
github.com/morikuni/aec v0.0.0-20170113033406-39771216ff4c/go.mod h1:BbKIizmSmc5MMPqRYbxO4ZU0S0+P200+tUnFx7PXmsc=
github.com/mr-tron/base58 v1.1.0 h1:Y51FGVJ91WBqCEabAi5OPUz38eAx8DakuAm5svLcsfQ=
github.com/mr-tron/base58 v1.1.0/go.mod h1:xcD2VGqlgYjBdcBLw+TuYLr8afG+Hj8g2eTVqeSzSU8=
github.com/multiformats/go-multiaddr v1.4.0 h1:xt9fCCmSyTosXSvEhEqYnC75LiaDSdXycwOLJaDGPic=
github.com/multiformats/go-multiaddr v1.4.0/go.mod h1:1JAWc2R8uiQTLrCHI/lmOkXYu5B8025fQbZjq8//YgY=
github.com/multiformats/go-multiaddr-dns v0.2.5 h1:crSx6SJfKB1tHracH472jVXlMuw+JfaykVi6dNu/4ao=
github.com/multiformats/go-multiaddr-dns v0.2.5/go.mod h1:IGZKFM4G96cYgdMcUmHx5gtJxiHmvZLTQ9rdWXMKJyo=
github.com/multiformats/go-multiaddr-net v1.7.1 h1:1k758hMzdVA8+qE2z705TNWeemoi+oayshZwHBTWzcU=
github.com/multiformats/go-multiaddr-net v1.7.1/go.mod h1:AO4WqKzxLt+paJ0N0kufj6teQ2R6fZbnItDvGTwilmk=
github.com/multiformats/go-multibase v0.3.0/go.mod h1:RUrDbdRB1mQ1K/3PAh7h7+6NliRK10PA5joM8V0IYLI=
github.com/multiformats/go-multicodec v0.1.6/go.mod h1:lliaRHbcG8q33yf4Ot9BGD7JqR/Za9HE7HTyVyKwrUQ=
github.com/multiformats/go-multihash v1.0.8 h1:pyowaBSivNxBr137ZjYkr0q4o41MKSJVPKuO7F7AAfY=
github.com/multiformats/go-multihash v1.0.8/go.mod h1:sT17phG+xVgnrZc8ht/ZoCIV0sKRwvmZkXk46UfSxM4=
github.com/multiformats/go-multistream v0.3.9/go.mod h1:fJTiDfXJVmItycydCnNx4+wSzZ5NwG2FEVAI30fiovg=
github.com/obscuren/ecies v0.0.0-20150213224233-7c0f4a9b18d9 h1:Q9JlyQu2TEEvmDnbiwhTis7qt3jpOt8spfuyaO6+vDw=
github.com/obscuren/ecies v0.0.0-20150213224233-7c0f4a9b18d9/go.mod h1:Pxvzt51U7dqynm0OJwBLWHPfHygNVxGrxXE8AS16xf0=
github.com/onsi/ginkgo v1.6.0/go.mod h1:lLunBs/Ym6LB5Z9jYTR76FiuTmxDTDusOGeTQH+WWjE=
github.com/onsi/ginkgo v1.7.0/go.mod h1:lLunBs/Ym6LB5Z9jYTR76FiuTmxDTDusOGeTQH+WWjE=
github.com/onsi/gomega v1.4.3/go.mod h1:ex+gbHU/CVuBBDIJjb2X0qEXbFg53c61hWP/1CpauHY=
github.com/opencontainers/go-digest v1.0.0-rc1 h1:WzifXhOVOEOuFYOJAW6aQqW0TooG2iki3E3Ii+WN7gQ=
github.com/opencontainers/go-digest v1.0.0-rc1/go.mod h1:cMLVZDEM3+U2I4VmLI6N8jQYUd2OVphdqWwCJHrFt2s=
github.com/opencontainers/image-spec v1.0.1 h1:JMemWkRwHx4Zj+fVxWoMCFm/8sYGGrUVojFA6h/TRcI=
github.com/opencontainers/image-spec v1.0.1/go.mod h1:BtxoFyWECRxE4U/7sNtV5W15zMzWCbyJoFRP3s7yZA0=
github.com/opentracing/opentracing-go v1.0.2 h1:3jA2P6O1F9UOrWVpwrIo17pu01KWvNWg4X946/Y5Zwg=
github.com/opentracing/opentracing-go v1.0.2/go.mod h1:UkNAQd3GIcIGf0SeVgPpRdFStlNbqXla1AfSYxPUl2o=
github.com/pborman/uuid v0.0.0-20180906182336-adf5a7427709/go.mod h1:VyrYX9gd7irzKovcSS6BIIEwPRkP2Wm2m9ufcdFSJ34=
github.com/pkg/errors v0.8.0/go.mod h1:bwawxfHBFNV+L2hUp1rHADufV3IMtnDRdf1r5NINEl0=
github.com/pkg/errors v0.8.1 h1:iURUrRGxPUNPdy5/HRSm+Yj6okJ6UtLINN0Q9M4+h3I=
github.com/pkg/errors v0.8.1/go.mod h1:bwawxfHBFNV+L2hUp1rHADufV3IMtnDRdf1r5NINEl0=
github.com/pmezard/go-difflib v1.0.0 h1:4DBwDE0NGyQoBHbLQYPwSUPoCMWR5BEzIk/f1lZbAQM=
github.com/pmezard/go-difflib v1.0.0/go.mod h1:iKH77koFhYxTK1pcRnkKkqfTogsbg7gZNVY4sRDYZ/4=
github.com/rjeczalik/notify v0.9.2/go.mod h1:aErll2f0sUX9PXZnVNyeiObbmTlk5jnMoCa4QEjJeqM=
github.com/rs/cors v1.6.0/go.mod h1:gFx+x8UowdsKA9AchylcLynDq+nNFfI8FkUZdN/jGCU=
github.com/satori/go.uuid v0.0.0-20180103174451-36e9d2ebbde5/go.mod h1:dA0hQrYB0VpLJoorglMZABFdXlWrHn1NEOzdhQKdks0=
github.com/sirupsen/logrus v1.3.0 h1:hI/7Q+DtNZ2kINb6qt/lS+IyXnHQe9e90POfeewL/ME=
github.com/sirupsen/logrus v1.3.0/go.mod h1:LxeOpSwHxABJmUn/MG1IvRgCAasNZTLOkJPxbbu5VWo=
github.com/spaolacci/murmur3 v0.0.0-20180118202830-f09979ecbc72 h1:qLC7fQah7D6K1B0ujays3HV9gkFtllcxhzImRR7ArPQ=
github.com/spaolacci/murmur3 v0.0.0-20180118202830-f09979ecbc72/go.mod h1:JwIasOWyU6f++ZhiEuf87xNszmSA2myDM2Kzu9HwQUA=
github.com/spf13/cobra v0.0.3 h1:ZlrZ4XsMRm04Fr5pSFxBgfND2EBVa1nLpiy1stUsX/8=
github.com/spf13/cobra v0.0.3/go.mod h1:1l0Ry5zgKvJasoi3XT1TypsSe7PqH0Sj9dhYf7v3XqQ=
github.com/spf13/pflag v1.0.3 h1:zPAT6CGy6wXeQ7NtTnaTerfKOsV6V6F8agHXFiazDkg=
github.com/spf13/pflag v1.0.3/go.mod h1:DYY7MBk1bdzusC3SYhjObp+wFpr4gzcvqqNjLnInEg4=
github.com/stretchr/objx v0.1.1/go.mod h1:HFkY916IF+rwdDfMAkV7OtwuqBVzrE8GR6GFx+wExME=
github.com/stretchr/testify v1.2.2 h1:bSDNvY7ZPG5RlJ8otE/7V6gMiyenm9RtJ7IUVIAoJ1w=
github.com/stretchr/testify v1.2.2/go.mod h1:a8OnRcib4nhh0OaRAV+Yts87kKdq0PP7pXfy6kDkUVs=
github.com/syndtr/goleveldb v0.0.0-20181128100959-b001fa50d6b2/go.mod h1:Z4AUp2Km+PwemOoO/VB5AOx9XSsIItzFjoJlOSiYmn0=
github.com/tidwall/gjson v1.1.5/go.mod h1:c/nTNbUr0E0OrXEhq1pwa8iEgc2DOt4ZZqAt1HtCkPA=
github.com/tidwall/match v1.0.1/go.mod h1:LujAq0jyVjBy028G1WhWfIzbpQfMO8bBZ6Tyb0+pL9E=
github.com/tidwall/sjson v1.0.3/go.mod h1:bURseu1nuBkFpIES5cz6zBtjmYeOQmEESshn7VpF15Y=
github.com/whyrusleeping/base32 v0.0.0-20170828182744-c30ac30633cc/go.mod h1:r45hJU7yEoA81k6MWNhpMj/kms0n14dkzkxYHoB96UM=
github.com/whyrusleeping/go-keyspace v0.0.0-20160322163242-5b898ac5add1/go.mod h1:8UvriyWtv5Q5EOgjHaSseUEdkQfvwFv1I/In/O2M9gc=
github.com/whyrusleeping/go-logging v0.0.0-20170515211332-0457bb6b88fc h1:9lDbC6Rz4bwmou+oE6Dt4Cb2BGMur5eR/GYptkKUVHo=
github.com/whyrusleeping/go-logging v0.0.0-20170515211332-0457bb6b88fc/go.mod h1:bopw91TMyo8J3tvftk8xmU2kPmlrt4nScJQZU2hE5EM=
github.com/whyrusleeping/go-notifier v0.0.0-20170827234753-097c5d47330f/go.mod h1:cZNvX9cFybI01GriPRMXDtczuvUhgbcYr9iCGaNlRv8=
github.com/whyrusleeping/go-smux-multistream v2.0.2+incompatible/go.mod h1:dRWHHvc4HDQSHh9gbKEBbUZ+f2Q8iZTPG3UOGYODxSQ=
github.com/whyrusleeping/go-smux-yamux v2.0.8+incompatible/go.mod h1:6qHUzBXUbB9MXmw3AUdB52L8sEb/hScCqOdW2kj/wuI=
github.com/whyrusleeping/mafmt v1.2.8/go.mod h1:faQJFPbLSxzD9xpA02ttW/tS9vZykNvXwGvqIpk20FA=
github.com/whyrusleeping/mdns v0.0.0-20180901202407-ef14215e6b30/go.mod h1:j4l84WPFclQPj320J9gp0XwNKBb3U0zt5CBqjPp22G4=
github.com/whyrusleeping/multiaddr-filter v0.0.0-20160516205228-e903e4adabd7/go.mod h1:X2c0RVCI1eSUFI8eLcY3c0423ykwiUdxLJtkDvruhjI=
github.com/whyrusleeping/tar-utils v0.0.0-20180509141711-8c6c8ba81d5c h1:GGsyl0dZ2jJgVT+VvWBf/cNijrHRhkrTjkmp5wg7li0=
github.com/whyrusleeping/tar-utils v0.0.0-20180509141711-8c6c8ba81d5c/go.mod h1:xxcJeBb7SIUl/Wzkz1eVKJE/CB34YNrqX2TQI6jY9zs=
github.com/whyrusleeping/timecache v0.0.0-20160911033111-cfcb2f1abfee/go.mod h1:m2aV4LZI4Aez7dP5PMyVKEHhUyEJ/RjmPEDOpDvudHg=
github.com/whyrusleeping/yamux v1.1.2/go.mod h1:E8LnQQ8HKx5KD29HZFUwM1PxCOdPRzGwur1mcYhXcD8=
golang.org/x/crypto v0.0.0-20170930174604-9419663f5a44/go.mod h1:6SG95UA2DQfeDnfUPMdvaQW0Q7yPrPDi9nlGo2tz2b4=
golang.org/x/crypto v0.0.0-20180904163835-0709b304e793 h1:u+LnwYTOOW7Ukr/fppxEb1Nwz0AtPflrblfvUudpo+I=
golang.org/x/crypto v0.0.0-20180904163835-0709b304e793/go.mod h1:6SG95UA2DQfeDnfUPMdvaQW0Q7yPrPDi9nlGo2tz2b4=
golang.org/x/crypto v0.0.0-20181203042331-505ab145d0a9/go.mod h1:6SG95UA2DQfeDnfUPMdvaQW0Q7yPrPDi9nlGo2tz2b4=
golang.org/x/crypto v0.0.0-20190128193316-c7b33c32a30b h1:Ib/yptP38nXZFMwqWSip+OKuMP9OkyDe3p+DssP8n9w=
golang.org/x/crypto v0.0.0-20190128193316-c7b33c32a30b/go.mod h1:6SG95UA2DQfeDnfUPMdvaQW0Q7yPrPDi9nlGo2tz2b4=
golang.org/x/exp v0.0.0-20190121172915-509febef88a4/go.mod h1:CJ0aWSM057203Lf6IL+f9T1iT9GByDxfZKAQTCR3kQA=
golang.org/x/lint v0.0.0-20180702182130-06c8688daad7/go.mod h1:UVdnD1Gm6xHRNCYTkRU2/jEulfH38KcIWyp/GAMgvoE=
golang.org/x/lint v0.0.0-20181026193005-c67002cb31c3/go.mod h1:UVdnD1Gm6xHRNCYTkRU2/jEulfH38KcIWyp/GAMgvoE=
golang.org/x/net v0.0.0-20180524181706-dfa909b99c79/go.mod h1:mL1N/T3taQHkDXs73rZJwtUhF3w3ftmwwsq0BUmARs4=
golang.org/x/net v0.0.0-20180826012351-8a410e7b638d/go.mod h1:mL1N/T3taQHkDXs73rZJwtUhF3w3ftmwwsq0BUmARs4=
golang.org/x/net v0.0.0-20180906233101-161cd47e91fd/go.mod h1:mL1N/T3taQHkDXs73rZJwtUhF3w3ftmwwsq0BUmARs4=
golang.org/x/net v0.0.0-20181011144130-49bb7cea24b1/go.mod h1:mL1N/T3taQHkDXs73rZJwtUhF3w3ftmwwsq0BUmARs4=
golang.org/x/net v0.0.0-20181106065722-10aee1819953/go.mod h1:mL1N/T3taQHkDXs73rZJwtUhF3w3ftmwwsq0BUmARs4=
golang.org/x/net v0.0.0-20181220203305-927f97764cc3/go.mod h1:mL1N/T3taQHkDXs73rZJwtUhF3w3ftmwwsq0BUmARs4=
golang.org/x/net v0.0.0-20190125091013-d26f9f9a57f3/go.mod h1:mL1N/T3taQHkDXs73rZJwtUhF3w3ftmwwsq0BUmARs4=
golang.org/x/net v0.0.0-20190213061140-3a22650c66bd h1:HuTn7WObtcDo9uEEU7rEqL0jYthdXAmZ6PP+meazmaU=
golang.org/x/net v0.0.0-20190213061140-3a22650c66bd/go.mod h1:mL1N/T3taQHkDXs73rZJwtUhF3w3ftmwwsq0BUmARs4=
golang.org/x/oauth2 v0.0.0-20180821212333-d2e6202438be/go.mod h1:N/0e6XlmueqKjAGxoOufVs8QHGRruUQn6yWY3a++T0U=
golang.org/x/sync v0.0.0-20180314180146-1d60e4601c6f/go.mod h1:RxMgew5VJxzue5/jJTE5uejpjVlOe/izrB70Jof72aM=
golang.org/x/sys v0.0.0-20180830151530-49385e6e1522/go.mod h1:STP8DvDyc/dI5b8T5hshtkjS+E42TnysNCUPdjciGhY=
golang.org/x/sys v0.0.0-20180905080454-ebe1bf3edb33/go.mod h1:STP8DvDyc/dI5b8T5hshtkjS+E42TnysNCUPdjciGhY=
golang.org/x/sys v0.0.0-20180909124046-d0be0721c37e h1:o3PsSEY8E4eXWkXrIP9YJALUkVZqzHJT5DOasTyn8Vs=
golang.org/x/sys v0.0.0-20180909124046-d0be0721c37e/go.mod h1:STP8DvDyc/dI5b8T5hshtkjS+E42TnysNCUPdjciGhY=
golang.org/x/sys v0.0.0-20180926160741-c2ed4eda69e7/go.mod h1:STP8DvDyc/dI5b8T5hshtkjS+E42TnysNCUPdjciGhY=
golang.org/x/sys v0.0.0-20190102155601-82a175fd1598/go.mod h1:STP8DvDyc/dI5b8T5hshtkjS+E42TnysNCUPdjciGhY=
golang.org/x/sys v0.0.0-20190124100055-b90733256f2e h1:3GIlrlVLfkoipSReOMNAgApI0ajnalyLa/EZHHca/XI=
golang.org/x/sys v0.0.0-20190124100055-b90733256f2e/go.mod h1:STP8DvDyc/dI5b8T5hshtkjS+E42TnysNCUPdjciGhY=
golang.org/x/text v0.3.0/go.mod h1:NqM8EUOU14njkJ3fqMW+pc6Ldnwhi/IjpwHt7yyuwOQ=
golang.org/x/time v0.0.0-20181108054448-85acf8d2951c h1:fqgJT0MGcGpPgpWU7VRdRjuArfcOvC4AoJmILihzhDg=
golang.org/x/time v0.0.0-20181108054448-85acf8d2951c/go.mod h1:tRJNPiyCQ0inRvYxbN9jk5I+vvW/OXSQhTDSoE431IQ=
golang.org/x/tools v0.0.0-20180828015842-6cd1fcedba52 h1:JG/0uqcGdTNgq7FdU+61l5Pdmb8putNZlXb65bJBROs=
golang.org/x/tools v0.0.0-20180828015842-6cd1fcedba52/go.mod h1:n7NCudcB/nEzxVGmLbDWY5pfWTLqBcC2KZ6jyYvM4mQ=
google.golang.org/appengine v1.1.0/go.mod h1:EbEs0AVv82hx2wNQdGPgUI5lhzA/G0D9YwlJXL52JkM=
google.golang.org/genproto v0.0.0-20180817151627-c66870c02cf8 h1:Nw54tB0rB7hY/N0NQvRW8DG4Yk3Q6T9cu9RcFQDu1tc=
google.golang.org/genproto v0.0.0-20180817151627-c66870c02cf8/go.mod h1:JiN7NxoALGmiZfu7CAH4rXhgtRTLTxftemlI0sWmxmc=
google.golang.org/genproto v0.0.0-20190128161407-8ac453e89fca/go.mod h1:L3J43x8/uS+qIUoksaLKe6OS3nUKxOKuIFz1sl2/jx4=
google.golang.org/grpc v1.16.0/go.mod h1:0JHn/cJsOMiMfNA9+DeHDlAU7KAAB5GDlYFpa9MZMio=
google.golang.org/grpc v1.18.0 h1:IZl7mfBGfbhYx2p2rKRtYgDFw6SBz+kclmxYrCksPPA=
google.golang.org/grpc v1.18.0/go.mod h1:6QZJwpn2B+Zp71q/5VxRsJ6NXXVCE5NRUHRo+f3cWCs=
gopkg.in/check.v1 v0.0.0-20161208181325-20d25e280405/go.mod h1:Co6ibVJAznAaIkqp8huTwlJQCZ016jof/cbN4VW5Yz0=
gopkg.in/fsnotify.v1 v1.4.7/go.mod h1:Tz8NjZHkW78fSQdbUxIjBTcgA1z1m8ZHf0WmKUhAMys=
gopkg.in/natefinch/npipe.v2 v2.0.0-20160621034901-c1b8fa8bdcce/go.mod h1:5AcXVHNjg+BDxry382+8OKon8SEWiKktQR07RKPsv1c=
gopkg.in/tomb.v1 v1.0.0-20141024135613-dd632973f1e7/go.mod h1:dt/ZhP58zS4L8KSrWDmTeBkI65Dw0HsyUHuEVlX15mw=
gopkg.in/yaml.v2 v2.2.1/go.mod h1:hI93XBmqTisBFMUTm0b8Fm+jr3Dg1NNxqwp+5A1VGuI=
gotest.tools v2.2.0+incompatible h1:VsBPFP1AI068pPrMxtb/S8Zkgf9xEmTLJjfM+P5UIEo=
gotest.tools v2.2.0+incompatible/go.mod h1:DsYFclhRJ6vuDpmuTbkuFWG+y2sxOXAzmJt81HFBacw=
honnef.co/go/tools v0.0.0-20180728063816-88497007e858/go.mod h1:rf3lG4BRIbNafJWhAfAdb/ePZxsR/4RtNHQocxwk9r4=
